// !$*UTF8*$!
{
	archiveVersion = 1;
	classes = {
	};
	objectVersion = 46;
	objects = {

/* Begin PBXBuildFile section */
		1168FB0E1BAB4C1C003C396F /* AppDelegate.swift in Sources */ = {isa = PBXBuildFile; fileRef = 1168FB0D1BAB4C1C003C396F /* AppDelegate.swift */; };
		1168FB101BAB4C1C003C396F /* ViewController.swift in Sources */ = {isa = PBXBuildFile; fileRef = 1168FB0F1BAB4C1C003C396F /* ViewController.swift */; };
		1168FB131BAB4C1C003C396F /* Main.storyboard in Resources */ = {isa = PBXBuildFile; fileRef = 1168FB111BAB4C1C003C396F /* Main.storyboard */; };
		1168FB151BAB4C1C003C396F /* Assets.xcassets in Resources */ = {isa = PBXBuildFile; fileRef = 1168FB141BAB4C1C003C396F /* Assets.xcassets */; };
		1168FB181BAB4C1C003C396F /* LaunchScreen.storyboard in Resources */ = {isa = PBXBuildFile; fileRef = 1168FB161BAB4C1C003C396F /* LaunchScreen.storyboard */; };
/* End PBXBuildFile section */

/* Begin PBXFileReference section */
		1168FB0A1BAB4C1C003C396F /* UIViewMoveForKeyboardComplete.app */ = {isa = PBXFileReference; explicitFileType = wrapper.application; includeInIndex = 0; path = UIViewMoveForKeyboardComplete.app; sourceTree = BUILT_PRODUCTS_DIR; };
		1168FB0D1BAB4C1C003C396F /* AppDelegate.swift */ = {isa = PBXFileReference; lastKnownFileType = sourcecode.swift; path = AppDelegate.swift; sourceTree = "<group>"; };
		1168FB0F1BAB4C1C003C396F /* ViewController.swift */ = {isa = PBXFileReference; lastKnownFileType = sourcecode.swift; path = ViewController.swift; sourceTree = "<group>"; };
		1168FB121BAB4C1C003C396F /* Base */ = {isa = PBXFileReference; lastKnownFileType = file.storyboard; name = Base; path = Base.lproj/Main.storyboard; sourceTree = "<group>"; };
		1168FB141BAB4C1C003C396F /* Assets.xcassets */ = {isa = PBXFileReference; lastKnownFileType = folder.assetcatalog; path = Assets.xcassets; sourceTree = "<group>"; };
		1168FB171BAB4C1C003C396F /* Base */ = {isa = PBXFileReference; lastKnownFileType = file.storyboard; name = Base; path = Base.lproj/LaunchScreen.storyboard; sourceTree = "<group>"; };
		1168FB191BAB4C1C003C396F /* Info.plist */ = {isa = PBXFileReference; lastKnownFileType = text.plist.xml; path = Info.plist; sourceTree = "<group>"; };
/* End PBXFileReference section */

/* Begin PBXFrameworksBuildPhase section */
		1168FB071BAB4C1C003C396F /* Frameworks */ = {
			isa = PBXFrameworksBuildPhase;
			buildActionMask = 2147483647;
			files = (
			);
			runOnlyForDeploymentPostprocessing = 0;
		};
/* End PBXFrameworksBuildPhase section */

/* Begin PBXGroup section */
		1168FB011BAB4C1C003C396F = {
			isa = PBXGroup;
			children = (
				1168FB0C1BAB4C1C003C396F /* UIViewMoveForKeyboardComplete */,
				1168FB0B1BAB4C1C003C396F /* Products */,
			);
			sourceTree = "<group>";
		};
		1168FB0B1BAB4C1C003C396F /* Products */ = {
			isa = PBXGroup;
			children = (
				1168FB0A1BAB4C1C003C396F /* UIViewMoveForKeyboardComplete.app */,
			);
			name = Products;
			sourceTree = "<group>";
		};
		1168FB0C1BAB4C1C003C396F /* UIViewMoveForKeyboardComplete */ = {
			isa = PBXGroup;
			children = (
				1168FB0D1BAB4C1C003C396F /* AppDelegate.swift */,
				1168FB0F1BAB4C1C003C396F /* ViewController.swift */,
				1168FB111BAB4C1C003C396F /* Main.storyboard */,
				1168FB141BAB4C1C003C396F /* Assets.xcassets */,
				1168FB161BAB4C1C003C396F /* LaunchScreen.storyboard */,
				1168FB191BAB4C1C003C396F /* Info.plist */,
			);
			path = UIViewMoveForKeyboardComplete;
			sourceTree = "<group>";
		};
/* End PBXGroup section */

/* Begin PBXNativeTarget section */
		1168FB091BAB4C1C003C396F /* UIViewMoveForKeyboardComplete */ = {
			isa = PBXNativeTarget;
			buildConfigurationList = 1168FB1C1BAB4C1C003C396F /* Build configuration list for PBXNativeTarget "UIViewMoveForKeyboardComplete" */;
			buildPhases = (
				1168FB061BAB4C1C003C396F /* Sources */,
				1168FB071BAB4C1C003C396F /* Frameworks */,
				1168FB081BAB4C1C003C396F /* Resources */,
			);
			buildRules = (
			);
			dependencies = (
			);
			name = UIViewMoveForKeyboardComplete;
			productName = UIViewMoveForKeyboardComplete;
			productReference = 1168FB0A1BAB4C1C003C396F /* UIViewMoveForKeyboardComplete.app */;
			productType = "com.apple.product-type.application";
		};
/* End PBXNativeTarget section */

/* Begin PBXProject section */
		1168FB021BAB4C1C003C396F /* Project object */ = {
			isa = PBXProject;
			attributes = {
				LastUpgradeCheck = 1140;
				ORGANIZATIONNAME = LawrenceM;
				TargetAttributes = {
					1168FB091BAB4C1C003C396F = {
						CreatedOnToolsVersion = 7.0;
						DevelopmentTeam = T6TG5W96HH;
						LastSwiftMigration = 1140;
					};
				};
			};
			buildConfigurationList = 1168FB051BAB4C1C003C396F /* Build configuration list for PBXProject "UIViewMoveForKeyboardComplete" */;
			compatibilityVersion = "Xcode 3.2";
			developmentRegion = en;
			hasScannedForEncodings = 0;
			knownRegions = (
				en,
				Base,
			);
			mainGroup = 1168FB011BAB4C1C003C396F;
			productRefGroup = 1168FB0B1BAB4C1C003C396F /* Products */;
			projectDirPath = "";
			projectRoot = "";
			targets = (
				1168FB091BAB4C1C003C396F /* UIViewMoveForKeyboardComplete */,
			);
		};
/* End PBXProject section */

/* Begin PBXResourcesBuildPhase section */
		1168FB081BAB4C1C003C396F /* Resources */ = {
			isa = PBXResourcesBuildPhase;
			buildActionMask = 2147483647;
			files = (
				1168FB181BAB4C1C003C396F /* LaunchScreen.storyboard in Resources */,
				1168FB151BAB4C1C003C396F /* Assets.xcassets in Resources */,
				1168FB131BAB4C1C003C396F /* Main.storyboard in Resources */,
			);
			runOnlyForDeploymentPostprocessing = 0;
		};
/* End PBXResourcesBuildPhase section */

/* Begin PBXSourcesBuildPhase section */
		1168FB061BAB4C1C003C396F /* Sources */ = {
			isa = PBXSourcesBuildPhase;
			buildActionMask = 2147483647;
			files = (
				1168FB101BAB4C1C003C396F /* ViewController.swift in Sources */,
				1168FB0E1BAB4C1C003C396F /* AppDelegate.swift in Sources */,
			);
			runOnlyForDeploymentPostprocessing = 0;
		};
/* End PBXSourcesBuildPhase section */

/* Begin PBXVariantGroup section */
		1168FB111BAB4C1C003C396F /* Main.storyboard */ = {
			isa = PBXVariantGroup;
			children = (
				1168FB121BAB4C1C003C396F /* Base */,
			);
			name = Main.storyboard;
			sourceTree = "<group>";
		};
		1168FB161BAB4C1C003C396F /* LaunchScreen.storyboard */ = {
			isa = PBXVariantGroup;
			children = (
				1168FB171BAB4C1C003C396F /* Base */,
			);
			name = LaunchScreen.storyboard;
			sourceTree = "<group>";
		};
/* End PBXVariantGroup section */

/* Begin XCBuildConfiguration section */
		1168FB1A1BAB4C1C003C396F /* Debug */ = {
			isa = XCBuildConfiguration;
			buildSettings = {
				ALWAYS_SEARCH_USER_PATHS = NO;
				CLANG_ANALYZER_LOCALIZABILITY_NONLOCALIZED = YES;
				CLANG_CXX_LANGUAGE_STANDARD = "gnu++0x";
				CLANG_CXX_LIBRARY = "libc++";
				CLANG_ENABLE_MODULES = YES;
				CLANG_ENABLE_OBJC_ARC = YES;
				CLANG_WARN_BLOCK_CAPTURE_AUTORELEASING = YES;
				CLANG_WARN_BOOL_CONVERSION = YES;
				CLANG_WARN_COMMA = YES;
				CLANG_WARN_CONSTANT_CONVERSION = YES;
				CLANG_WARN_DEPRECATED_OBJC_IMPLEMENTATIONS = YES;
				CLANG_WARN_DIRECT_OBJC_ISA_USAGE = YES_ERROR;
				CLANG_WARN_EMPTY_BODY = YES;
				CLANG_WARN_ENUM_CONVERSION = YES;
				CLANG_WARN_INFINITE_RECURSION = YES;
				CLANG_WARN_INT_CONVERSION = YES;
				CLANG_WARN_NON_LITERAL_NULL_CONVERSION = YES;
				CLANG_WARN_OBJC_IMPLICIT_RETAIN_SELF = YES;
				CLANG_WARN_OBJC_LITERAL_CONVERSION = YES;
				CLANG_WARN_OBJC_ROOT_CLASS = YES_ERROR;
				CLANG_WARN_RANGE_LOOP_ANALYSIS = YES;
				CLANG_WARN_STRICT_PROTOTYPES = YES;
				CLANG_WARN_SUSPICIOUS_MOVE = YES;
				CLANG_WARN_UNREACHABLE_CODE = YES;
				CLANG_WARN__DUPLICATE_METHOD_MATCH = YES;
				"CODE_SIGN_IDENTITY[sdk=iphoneos*]" = "iPhone Developer";
				COPY_PHASE_STRIP = NO;
				DEBUG_INFORMATION_FORMAT = dwarf;
				ENABLE_STRICT_OBJC_MSGSEND = YES;
				ENABLE_TESTABILITY = YES;
				GCC_C_LANGUAGE_STANDARD = gnu99;
				GCC_DYNAMIC_NO_PIC = NO;
				GCC_NO_COMMON_BLOCKS = YES;
				GCC_OPTIMIZATION_LEVEL = 0;
				GCC_PREPROCESSOR_DEFINITIONS = (
					"DEBUG=1",
					"$(inherited)",
				);
				GCC_WARN_64_TO_32_BIT_CONVERSION = YES;
				GCC_WARN_ABOUT_RETURN_TYPE = YES_ERROR;
				GCC_WARN_UNDECLARED_SELECTOR = YES;
				GCC_WARN_UNINITIALIZED_AUTOS = YES_AGGRESSIVE;
				GCC_WARN_UNUSED_FUNCTION = YES;
				GCC_WARN_UNUSED_VARIABLE = YES;
				IPHONEOS_DEPLOYMENT_TARGET = 9.0;
				MTL_ENABLE_DEBUG_INFO = YES;
				ONLY_ACTIVE_ARCH = YES;
				SDKROOT = iphoneos;
				SWIFT_OPTIMIZATION_LEVEL = "-Onone";
				TARGETED_DEVICE_FAMILY = "1,2";
			};
			name = Debug;
		};
		1168FB1B1BAB4C1C003C396F /* Release */ = {
			isa = XCBuildConfiguration;
			buildSettings = {
				ALWAYS_SEARCH_USER_PATHS = NO;
				CLANG_ANALYZER_LOCALIZABILITY_NONLOCALIZED = YES;
				CLANG_CXX_LANGUAGE_STANDARD = "gnu++0x";
				CLANG_CXX_LIBRARY = "libc++";
				CLANG_ENABLE_MODULES = YES;
				CLANG_ENABLE_OBJC_ARC = YES;
				CLANG_WARN_BLOCK_CAPTURE_AUTORELEASING = YES;
				CLANG_WARN_BOOL_CONVERSION = YES;
				CLANG_WARN_COMMA = YES;
				CLANG_WARN_CONSTANT_CONVERSION = YES;
				CLANG_WARN_DEPRECATED_OBJC_IMPLEMENTATIONS = YES;
				CLANG_WARN_DIRECT_OBJC_ISA_USAGE = YES_ERROR;
				CLANG_WARN_EMPTY_BODY = YES;
				CLANG_WARN_ENUM_CONVERSION = YES;
				CLANG_WARN_INFINITE_RECURSION = YES;
				CLANG_WARN_INT_CONVERSION = YES;
				CLANG_WARN_NON_LITERAL_NULL_CONVERSION = YES;
				CLANG_WARN_OBJC_IMPLICIT_RETAIN_SELF = YES;
				CLANG_WARN_OBJC_LITERAL_CONVERSION = YES;
				CLANG_WARN_OBJC_ROOT_CLASS = YES_ERROR;
				CLANG_WARN_RANGE_LOOP_ANALYSIS = YES;
				CLANG_WARN_STRICT_PROTOTYPES = YES;
				CLANG_WARN_SUSPICIOUS_MOVE = YES;
				CLANG_WARN_UNREACHABLE_CODE = YES;
				CLANG_WARN__DUPLICATE_METHOD_MATCH = YES;
				"CODE_SIGN_IDENTITY[sdk=iphoneos*]" = "iPhone Developer";
				COPY_PHASE_STRIP = NO;
				DEBUG_INFORMATION_FORMAT = "dwarf-with-dsym";
				ENABLE_NS_ASSERTIONS = NO;
				ENABLE_STRICT_OBJC_MSGSEND = YES;
				GCC_C_LANGUAGE_STANDARD = gnu99;
				GCC_NO_COMMON_BLOCKS = YES;
				GCC_WARN_64_TO_32_BIT_CONVERSION = YES;
				GCC_WARN_ABOUT_RETURN_TYPE = YES_ERROR;
				GCC_WARN_UNDECLARED_SELECTOR = YES;
				GCC_WARN_UNINITIALIZED_AUTOS = YES_AGGRESSIVE;
				GCC_WARN_UNUSED_FUNCTION = YES;
				GCC_WARN_UNUSED_VARIABLE = YES;
				IPHONEOS_DEPLOYMENT_TARGET = 9.0;
				MTL_ENABLE_DEBUG_INFO = NO;
				SDKROOT = iphoneos;
				SWIFT_COMPILATION_MODE = wholemodule;
				TARGETED_DEVICE_FAMILY = "1,2";
				VALIDATE_PRODUCT = YES;
			};
			name = Release;
		};
		1168FB1D1BAB4C1C003C396F /* Debug */ = {
			isa = XCBuildConfiguration;
			buildSettings = {
				ASSETCATALOG_COMPILER_APPICON_NAME = AppIcon;
				DEVELOPMENT_TEAM = T6TG5W96HH;
				INFOPLIST_FILE = UIViewMoveForKeyboardComplete/Info.plist;
				LD_RUNPATH_SEARCH_PATHS = "$(inherited) @executable_path/Frameworks";
				PRODUCT_BUNDLE_IDENTIFIER = com.lawrencem.UIViewMoveForKeyboardComplete;
				PRODUCT_NAME = "$(TARGET_NAME)";
				SWIFT_SWIFT3_OBJC_INFERENCE = On;
				SWIFT_VERSION = 5.0;
			};
			name = Debug;
		};
		1168FB1E1BAB4C1C003C396F /* Release */ = {
			isa = XCBuildConfiguration;
			buildSettings = {
				ASSETCATALOG_COMPILER_APPICON_NAME = AppIcon;
				DEVELOPMENT_TEAM = T6TG5W96HH;
				INFOPLIST_FILE = UIViewMoveForKeyboardComplete/Info.plist;
				LD_RUNPATH_SEARCH_PATHS = "$(inherited) @executable_path/Frameworks";
				PRODUCT_BUNDLE_IDENTIFIER = com.lawrencem.UIViewMoveForKeyboardComplete;
				PRODUCT_NAME = "$(TARGET_NAME)";
				SWIFT_SWIFT3_OBJC_INFERENCE = On;
				SWIFT_VERSION = 5.0;
			};
			name = Release;
		};
/* End XCBuildConfiguration section */

/* Begin XCConfigurationList section */
		1168FB051BAB4C1C003C396F /* Build configuration list for PBXProject "UIViewMoveForKeyboardComplete" */ = {
			isa = XCConfigurationList;
			buildConfigurations = (
				1168FB1A1BAB4C1C003C396F /* Debug */,
				1168FB1B1BAB4C1C003C396F /* Release */,
			);
			defaultConfigurationIsVisible = 0;
			defaultConfigurationName = Release;
		};
		1168FB1C1BAB4C1C003C396F /* Build configuration list for PBXNativeTarget "UIViewMoveForKeyboardComplete" */ = {
			isa = XCConfigurationList;
			buildConfigurations = (
				1168FB1D1BAB4C1C003C396F /* Debug */,
				1168FB1E1BAB4C1C003C396F /* Release */,
			);
			defaultConfigurationIsVisible = 0;
			defaultConfigurationName = Release;
		};
/* End XCConfigurationList section */
	};
	rootObject = 1168FB021BAB4C1C003C396F /* Project object */;
}
